
Microsoft Visual Studio Solution File, Format Version 12.00
# Visual Studio Version 16
VisualStudioVersion = 16.0.31515.178
MinimumVisualStudioVersion = 10.0.40219.1
Project("{FAE04EC0-301F-11D3-BF4B-00C04F79EFBC}") = "DummyMVC", "DummyMVC\DummyMVC.csproj", "{B4CDAF92-90EF-4E1D-BB90-FDA001E87E42}"
EndProject
Project("{FAE04EC0-301F-11D3-BF4B-00C04F79EFBC}") = "DummyMVC.Data", "DummyMVC.Data\DummyMVC.Data.csproj", "{8998E094-DDB8-4EEB-B98A-2BF6F19965B2}"
EndProject
Global
	GlobalSection(SolutionConfigurationPlatforms) = preSolution
		Debug|Any CPU = Debug|Any CPU
		Release|Any CPU = Release|Any CPU
	EndGlobalSection
	GlobalSection(ProjectConfigurationPlatforms) = postSolution
		{B4CDAF92-90EF-4E1D-BB90-FDA001E87E42}.Debug|Any CPU.ActiveCfg = Debug|Any CPU
		{B4CDAF92-90EF-4E1D-BB90-FDA001E87E42}.Debug|Any CPU.Build.0 = Debug|Any CPU
		{B4CDAF92-90EF-4E1D-BB90-FDA001E87E42}.Release|Any CPU.ActiveCfg = Release|Any CPU
		{B4CDAF92-90EF-4E1D-BB90-FDA001E87E42}.Release|Any CPU.Build.0 = Release|Any CPU
		{8998E094-DDB8-4EEB-B98A-2BF6F19965B2}.Debug|Any CPU.ActiveCfg = Debug|Any CPU
		{8998E094-DDB8-4EEB-B98A-2BF6F19965B2}.Debug|Any CPU.Build.0 = Debug|Any CPU
		{8998E094-DDB8-4EEB-B98A-2BF6F19965B2}.Release|Any CPU.ActiveCfg = Release|Any CPU
		{8998E094-DDB8-4EEB-B98A-2BF6F19965B2}.Release|Any CPU.Build.0 = Release|Any CPU
	EndGlobalSection
	GlobalSection(SolutionProperties) = preSolution
		HideSolutionNode = FALSE
	EndGlobalSection
	GlobalSection(ExtensibilityGlobals) = postSolution
		SolutionGuid = {4BF475C7-FF0C-4405-9E8B-D78877A86BAF}
	EndGlobalSection
EndGlobal
